
Microsoft Visual Studio Solution File, Format Version 12.00
# Visual Studio Version 17
VisualStudioVersion = 17.8.34330.188
MinimumVisualStudioVersion = 10.0.40219.1
Project("{FAE04EC0-301F-11D3-BF4B-00C04F79EFBC}") = "VehiclesWebAppliction", "VehiclesWebAppliction\VehiclesWebAppliction.csproj", "{5747C15F-4900-4C04-8239-ED009B0539D5}"
EndProject
Global
	GlobalSection(SolutionConfigurationPlatforms) = preSolution
		Debug|Any CPU = Debug|Any CPU
		Release|Any CPU = Release|Any CPU
	EndGlobalSection
	GlobalSection(ProjectConfigurationPlatforms) = postSolution
		{5747C15F-4900-4C04-8239-ED009B0539D5}.Debug|Any CPU.ActiveCfg = Debug|Any CPU
		{5747C15F-4900-4C04-8239-ED009B0539D5}.Debug|Any CPU.Build.0 = Debug|Any CPU
		{5747C15F-4900-4C04-8239-ED009B0539D5}.Release|Any CPU.ActiveCfg = Release|Any CPU
		{5747C15F-4900-4C04-8239-ED009B0539D5}.Release|Any CPU.Build.0 = Release|Any CPU
	EndGlobalSection
	GlobalSection(SolutionProperties) = preSolution
		HideSolutionNode = FALSE
	EndGlobalSection
	GlobalSection(ExtensibilityGlobals) = postSolution
		SolutionGuid = {C1E08987-A836-413B-BCE5-84A2F7C33126}
	EndGlobalSection
EndGlobal
